
Microsoft Visual Studio Solution File, Format Version 12.00
# Visual Studio Version 16
VisualStudioVersion = 16.0.31112.23
MinimumVisualStudioVersion = 10.0.40219.1
Project("{FAE04EC0-301F-11D3-BF4B-00C04F79EFBC}") = "Bot", "Bot.csproj", "{97C42944-C060-41C3-83A6-45DED432AB1D}"
EndProject
Global
	GlobalSection(SolutionConfigurationPlatforms) = preSolution
		Debug|Any CPU = Debug|Any CPU
		Release|Any CPU = Release|Any CPU
	EndGlobalSection
	GlobalSection(ProjectConfigurationPlatforms) = postSolution
		{97C42944-C060-41C3-83A6-45DED432AB1D}.Debug|Any CPU.ActiveCfg = Debug|Any CPU
		{97C42944-C060-41C3-83A6-45DED432AB1D}.Debug|Any CPU.Build.0 = Debug|Any CPU
		{97C42944-C060-41C3-83A6-45DED432AB1D}.Release|Any CPU.ActiveCfg = Release|Any CPU
		{97C42944-C060-41C3-83A6-45DED432AB1D}.Release|Any CPU.Build.0 = Release|Any CPU
	EndGlobalSection
	GlobalSection(SolutionProperties) = preSolution
		HideSolutionNode = FALSE
	EndGlobalSection
	GlobalSection(ExtensibilityGlobals) = postSolution
		SolutionGuid = {8D97A2F2-AACD-4680-8ED5-5E4610E85BD8}
	EndGlobalSection
EndGlobal
